
Microsoft Visual Studio Solution File, Format Version 12.00
# Visual Studio Version 16
VisualStudioVersion = 16.0.28729.10
MinimumVisualStudioVersion = 10.0.40219.1
Project("{FAE04EC0-301F-11D3-BF4B-00C04F79EFBC}") = "mpPrPosition", "mpPrPosition\mpPrPosition.csproj", "{771116DB-8C7B-4FC0-90BE-5F158315E8B7}"
EndProject
Project("{2150E333-8FDC-42A3-9474-1A3956D46DE8}") = "Solution Items", "Solution Items", "{49A06745-DE46-42CD-B6DB-CC3B027B876B}"
	ProjectSection(SolutionItems) = preProject
		README.md = README.md
	EndProjectSection
EndProject
Project("{9A19103F-16F7-4668-BE54-9A1E7A4F7556}") = "_build", "build\_build.csproj", "{0C16380C-7FE3-4243-B77C-BBE669BCE1D7}"
EndProject
Global
	GlobalSection(SolutionConfigurationPlatforms) = preSolution
		A2013|x64 = A2013|x64
		A2014|x64 = A2014|x64
		A2015|x64 = A2015|x64
		A2016|x64 = A2016|x64
		A2017|x64 = A2017|x64
		A2018|x64 = A2018|x64
		A2019|x64 = A2019|x64
		A2020|x64 = A2020|x64
		A2021|x64 = A2021|x64
		Debug|x64 = Debug|x64
	EndGlobalSection
	GlobalSection(ProjectConfigurationPlatforms) = postSolution
		{771116DB-8C7B-4FC0-90BE-5F158315E8B7}.A2013|x64.ActiveCfg = A2013|x64
		{771116DB-8C7B-4FC0-90BE-5F158315E8B7}.A2013|x64.Build.0 = A2013|x64
		{771116DB-8C7B-4FC0-90BE-5F158315E8B7}.A2014|x64.ActiveCfg = A2014|x64
		{771116DB-8C7B-4FC0-90BE-5F158315E8B7}.A2014|x64.Build.0 = A2014|x64
		{771116DB-8C7B-4FC0-90BE-5F158315E8B7}.A2015|x64.ActiveCfg = A2015|x64
		{771116DB-8C7B-4FC0-90BE-5F158315E8B7}.A2015|x64.Build.0 = A2015|x64
		{771116DB-8C7B-4FC0-90BE-5F158315E8B7}.A2016|x64.ActiveCfg = A2016|x64
		{771116DB-8C7B-4FC0-90BE-5F158315E8B7}.A2016|x64.Build.0 = A2016|x64
		{771116DB-8C7B-4FC0-90BE-5F158315E8B7}.A2017|x64.ActiveCfg = A2017|x64
		{771116DB-8C7B-4FC0-90BE-5F158315E8B7}.A2017|x64.Build.0 = A2017|x64
		{771116DB-8C7B-4FC0-90BE-5F158315E8B7}.A2018|x64.ActiveCfg = A2018|x64
		{771116DB-8C7B-4FC0-90BE-5F158315E8B7}.A2018|x64.Build.0 = A2018|x64
		{771116DB-8C7B-4FC0-90BE-5F158315E8B7}.A2019|x64.ActiveCfg = A2019|x64
		{771116DB-8C7B-4FC0-90BE-5F158315E8B7}.A2019|x64.Build.0 = A2019|x64
		{771116DB-8C7B-4FC0-90BE-5F158315E8B7}.A2020|x64.ActiveCfg = A2020|x64
		{771116DB-8C7B-4FC0-90BE-5F158315E8B7}.A2020|x64.Build.0 = A2020|x64
		{771116DB-8C7B-4FC0-90BE-5F158315E8B7}.A2021|x64.ActiveCfg = A2021|x64
		{771116DB-8C7B-4FC0-90BE-5F158315E8B7}.A2021|x64.Build.0 = A2021|x64
		{771116DB-8C7B-4FC0-90BE-5F158315E8B7}.Debug|x64.ActiveCfg = Debug|x64
		{771116DB-8C7B-4FC0-90BE-5F158315E8B7}.Debug|x64.Build.0 = Debug|x64
		{0C16380C-7FE3-4243-B77C-BBE669BCE1D7}.A2013|x64.ActiveCfg = Debug|Any CPU
		{0C16380C-7FE3-4243-B77C-BBE669BCE1D7}.A2013|x64.Build.0 = Debug|Any CPU
		{0C16380C-7FE3-4243-B77C-BBE669BCE1D7}.A2014|x64.ActiveCfg = Debug|Any CPU
		{0C16380C-7FE3-4243-B77C-BBE669BCE1D7}.A2014|x64.Build.0 = Debug|Any CPU
		{0C16380C-7FE3-4243-B77C-BBE669BCE1D7}.A2015|x64.ActiveCfg = Debug|Any CPU
		{0C16380C-7FE3-4243-B77C-BBE669BCE1D7}.A2015|x64.Build.0 = Debug|Any CPU
		{0C16380C-7FE3-4243-B77C-BBE669BCE1D7}.A2016|x64.ActiveCfg = Debug|Any CPU
		{0C16380C-7FE3-4243-B77C-BBE669BCE1D7}.A2016|x64.Build.0 = Debug|Any CPU
		{0C16380C-7FE3-4243-B77C-BBE669BCE1D7}.A2017|x64.ActiveCfg = Debug|Any CPU
		{0C16380C-7FE3-4243-B77C-BBE669BCE1D7}.A2017|x64.Build.0 = Debug|Any CPU
		{0C16380C-7FE3-4243-B77C-BBE669BCE1D7}.A2018|x64.ActiveCfg = Debug|Any CPU
		{0C16380C-7FE3-4243-B77C-BBE669BCE1D7}.A2018|x64.Build.0 = Debug|Any CPU
		{0C16380C-7FE3-4243-B77C-BBE669BCE1D7}.A2019|x64.ActiveCfg = Debug|Any CPU
		{0C16380C-7FE3-4243-B77C-BBE669BCE1D7}.A2019|x64.Build.0 = Debug|Any CPU
		{0C16380C-7FE3-4243-B77C-BBE669BCE1D7}.A2020|x64.ActiveCfg = Debug|Any CPU
		{0C16380C-7FE3-4243-B77C-BBE669BCE1D7}.A2020|x64.Build.0 = Debug|Any CPU
		{0C16380C-7FE3-4243-B77C-BBE669BCE1D7}.A2021|x64.ActiveCfg = Debug|Any CPU
		{0C16380C-7FE3-4243-B77C-BBE669BCE1D7}.A2021|x64.Build.0 = Debug|Any CPU
		{0C16380C-7FE3-4243-B77C-BBE669BCE1D7}.Debug|x64.ActiveCfg = Debug|Any CPU
		{0C16380C-7FE3-4243-B77C-BBE669BCE1D7}.Debug|x64.Build.0 = Debug|Any CPU
	EndGlobalSection
	GlobalSection(SolutionProperties) = preSolution
		HideSolutionNode = FALSE
	EndGlobalSection
	GlobalSection(ExtensibilityGlobals) = postSolution
		SolutionGuid = {AB1A94C0-4522-4800-8930-FA76F959EB87}
	EndGlobalSection
EndGlobal
